{
  "name": "ts-lib-demo",
  "version": "3.2.0",
  "lockfileVersion": 1,
  "requires": true,
  "dependencies": {
    "ts-demo": {
      "version": "git+https://github.com/xuanyangyang/ts-demo.git#94f8face2a2dea36c36a680a2e460cd808b60134",
      "from": "git+https://github.com/xuanyangyang/ts-demo.git"
    }
  }
}
