{
  "name": "ts-lib-demo",
  "version": "3.2.0",
  "lockfileVersion": 1,
  "requires": true,
  "dependencies": {
    "ts-demo": {
      "version": "git+https://github.com/xuanyangyang/ts-demo.git#454a4bcd16d5043e431bc5b44701bae110fed5d2",
      "from": "git+https://github.com/xuanyangyang/ts-demo.git"
    }
  }
}
