{
  "name": "ts-lib-demo",
  "version": "3.2.0",
  "lockfileVersion": 1,
  "requires": true,
  "dependencies": {
    "ts-demo": {
      "version": "git+https://github.com/xuanyangyang/ts-demo.git#a77c8230bb158d66479fa8fe94a4770fb39ecb1d",
      "from": "git+https://github.com/xuanyangyang/ts-demo.git"
    }
  }
}
